
Microsoft Visual Studio Solution File, Format Version 12.00
# Visual Studio Version 16
VisualStudioVersion = 16.0.31112.23
MinimumVisualStudioVersion = 10.0.40219.1
Project("{F184B08F-C81C-45F6-A57F-5ABD9991F28F}") = "RadbendLauncher", "RadbendSystemInfo\RadbendLauncher.vbproj", "{2383A50D-D411-4DB7-B81D-EC4DFACF47AC}"
EndProject
Global
	GlobalSection(SolutionConfigurationPlatforms) = preSolution
		Debug|Any CPU = Debug|Any CPU
		Release|Any CPU = Release|Any CPU
	EndGlobalSection
	GlobalSection(ProjectConfigurationPlatforms) = postSolution
		{2383A50D-D411-4DB7-B81D-EC4DFACF47AC}.Debug|Any CPU.ActiveCfg = Debug|Any CPU
		{2383A50D-D411-4DB7-B81D-EC4DFACF47AC}.Debug|Any CPU.Build.0 = Debug|Any CPU
		{2383A50D-D411-4DB7-B81D-EC4DFACF47AC}.Release|Any CPU.ActiveCfg = Release|Any CPU
		{2383A50D-D411-4DB7-B81D-EC4DFACF47AC}.Release|Any CPU.Build.0 = Release|Any CPU
	EndGlobalSection
	GlobalSection(SolutionProperties) = preSolution
		HideSolutionNode = FALSE
	EndGlobalSection
	GlobalSection(ExtensibilityGlobals) = postSolution
		SolutionGuid = {CA4AC346-8B47-4897-B15C-0223DA371DCF}
	EndGlobalSection
EndGlobal
